
Microsoft Visual Studio Solution File, Format Version 12.00
# Visual Studio Version 16
VisualStudioVersion = 16.0.36128.20
MinimumVisualStudioVersion = 10.0.40219.1
Project("{FAE04EC0-301F-11D3-BF4B-00C04F79EFBC}") = "Assignment2", "Assignment2\Assignment2.csproj", "{AE5F59B7-FEC5-464A-AE6C-C9746B7A01C5}"
EndProject
Global
	GlobalSection(SolutionConfigurationPlatforms) = preSolution
		Debug|Any CPU = Debug|Any CPU
		Release|Any CPU = Release|Any CPU
	EndGlobalSection
	GlobalSection(ProjectConfigurationPlatforms) = postSolution
		{AE5F59B7-FEC5-464A-AE6C-C9746B7A01C5}.Debug|Any CPU.ActiveCfg = Debug|Any CPU
		{AE5F59B7-FEC5-464A-AE6C-C9746B7A01C5}.Debug|Any CPU.Build.0 = Debug|Any CPU
		{AE5F59B7-FEC5-464A-AE6C-C9746B7A01C5}.Release|Any CPU.ActiveCfg = Release|Any CPU
		{AE5F59B7-FEC5-464A-AE6C-C9746B7A01C5}.Release|Any CPU.Build.0 = Release|Any CPU
	EndGlobalSection
	GlobalSection(SolutionProperties) = preSolution
		HideSolutionNode = FALSE
	EndGlobalSection
	GlobalSection(ExtensibilityGlobals) = postSolution
		SolutionGuid = {47F5052F-ED51-4673-B82B-F1643D0B1FF4}
	EndGlobalSection
EndGlobal
