
Microsoft Visual Studio Solution File, Format Version 12.00
# Visual Studio Version 16
VisualStudioVersion = 16.0.36128.20
MinimumVisualStudioVersion = 10.0.40219.1
Project("{FAE04EC0-301F-11D3-BF4B-00C04F79EFBC}") = "CodeChallenge9_Question2", "CodeChallenge9_Question2\CodeChallenge9_Question2.csproj", "{EF2949A5-C099-49AF-BA8A-AC1492479B7B}"
EndProject
Global
	GlobalSection(SolutionConfigurationPlatforms) = preSolution
		Debug|Any CPU = Debug|Any CPU
		Release|Any CPU = Release|Any CPU
	EndGlobalSection
	GlobalSection(ProjectConfigurationPlatforms) = postSolution
		{EF2949A5-C099-49AF-BA8A-AC1492479B7B}.Debug|Any CPU.ActiveCfg = Debug|Any CPU
		{EF2949A5-C099-49AF-BA8A-AC1492479B7B}.Debug|Any CPU.Build.0 = Debug|Any CPU
		{EF2949A5-C099-49AF-BA8A-AC1492479B7B}.Release|Any CPU.ActiveCfg = Release|Any CPU
		{EF2949A5-C099-49AF-BA8A-AC1492479B7B}.Release|Any CPU.Build.0 = Release|Any CPU
	EndGlobalSection
	GlobalSection(SolutionProperties) = preSolution
		HideSolutionNode = FALSE
	EndGlobalSection
	GlobalSection(ExtensibilityGlobals) = postSolution
		SolutionGuid = {4F2BD50C-9953-44B4-893D-952FE7DF789E}
	EndGlobalSection
EndGlobal
