
Microsoft Visual Studio Solution File, Format Version 12.00
# Visual Studio Version 16
VisualStudioVersion = 16.0.36128.20
MinimumVisualStudioVersion = 10.0.40219.1
Project("{FAE04EC0-301F-11D3-BF4B-00C04F79EFBC}") = "CodeChallenge1", "CodeChallenge1\CodeChallenge1.csproj", "{5183D041-DEEC-466D-9B63-7567175CC64E}"
EndProject
Global
	GlobalSection(SolutionConfigurationPlatforms) = preSolution
		Debug|Any CPU = Debug|Any CPU
		Release|Any CPU = Release|Any CPU
	EndGlobalSection
	GlobalSection(ProjectConfigurationPlatforms) = postSolution
		{5183D041-DEEC-466D-9B63-7567175CC64E}.Debug|Any CPU.ActiveCfg = Debug|Any CPU
		{5183D041-DEEC-466D-9B63-7567175CC64E}.Debug|Any CPU.Build.0 = Debug|Any CPU
		{5183D041-DEEC-466D-9B63-7567175CC64E}.Release|Any CPU.ActiveCfg = Release|Any CPU
		{5183D041-DEEC-466D-9B63-7567175CC64E}.Release|Any CPU.Build.0 = Release|Any CPU
	EndGlobalSection
	GlobalSection(SolutionProperties) = preSolution
		HideSolutionNode = FALSE
	EndGlobalSection
	GlobalSection(ExtensibilityGlobals) = postSolution
		SolutionGuid = {0C29D70D-2E97-4DF1-8DC9-72FBEB5C165B}
	EndGlobalSection
EndGlobal
