
Microsoft Visual Studio Solution File, Format Version 12.00
# Visual Studio Version 16
VisualStudioVersion = 16.0.36128.20
MinimumVisualStudioVersion = 10.0.40219.1
Project("{FAE04EC0-301F-11D3-BF4B-00C04F79EFBC}") = "MiniProjectRRS", "MiniProject_SingleFile\MiniProjectRRS.csproj", "{8172D5D0-E8B1-4768-AB9F-A9EEA42EE399}"
EndProject
Global
	GlobalSection(SolutionConfigurationPlatforms) = preSolution
		Debug|Any CPU = Debug|Any CPU
		Release|Any CPU = Release|Any CPU
	EndGlobalSection
	GlobalSection(ProjectConfigurationPlatforms) = postSolution
		{8172D5D0-E8B1-4768-AB9F-A9EEA42EE399}.Debug|Any CPU.ActiveCfg = Debug|Any CPU
		{8172D5D0-E8B1-4768-AB9F-A9EEA42EE399}.Debug|Any CPU.Build.0 = Debug|Any CPU
		{8172D5D0-E8B1-4768-AB9F-A9EEA42EE399}.Release|Any CPU.ActiveCfg = Release|Any CPU
		{8172D5D0-E8B1-4768-AB9F-A9EEA42EE399}.Release|Any CPU.Build.0 = Release|Any CPU
	EndGlobalSection
	GlobalSection(SolutionProperties) = preSolution
		HideSolutionNode = FALSE
	EndGlobalSection
	GlobalSection(ExtensibilityGlobals) = postSolution
		SolutionGuid = {8E0497B8-10E4-4BEE-94AE-5A340656658D}
	EndGlobalSection
EndGlobal
